
Microsoft Visual Studio Solution File, Format Version 12.00
# Visual Studio Version 17
VisualStudioVersion = 17.11.35222.181
MinimumVisualStudioVersion = 10.0.40219.1
Project("{FAE04EC0-301F-11D3-BF4B-00C04F79EFBC}") = "EnvironmentsExample", "EnvironmentsExample\EnvironmentsExample.csproj", "{1F231C4F-DAFE-49F6-9447-F97F6B4A258D}"
EndProject
Global
	GlobalSection(SolutionConfigurationPlatforms) = preSolution
		Debug|Any CPU = Debug|Any CPU
		Release|Any CPU = Release|Any CPU
	EndGlobalSection
	GlobalSection(ProjectConfigurationPlatforms) = postSolution
		{1F231C4F-DAFE-49F6-9447-F97F6B4A258D}.Debug|Any CPU.ActiveCfg = Debug|Any CPU
		{1F231C4F-DAFE-49F6-9447-F97F6B4A258D}.Debug|Any CPU.Build.0 = Debug|Any CPU
		{1F231C4F-DAFE-49F6-9447-F97F6B4A258D}.Release|Any CPU.ActiveCfg = Release|Any CPU
		{1F231C4F-DAFE-49F6-9447-F97F6B4A258D}.Release|Any CPU.Build.0 = Release|Any CPU
	EndGlobalSection
	GlobalSection(SolutionProperties) = preSolution
		HideSolutionNode = FALSE
	EndGlobalSection
	GlobalSection(ExtensibilityGlobals) = postSolution
		SolutionGuid = {A2989972-BBC6-496D-9DCF-ED12A1AE7D0C}
	EndGlobalSection
EndGlobal
