
Microsoft Visual Studio Solution File, Format Version 12.00
# Visual Studio Version 17
VisualStudioVersion = 17.11.35222.181
MinimumVisualStudioVersion = 10.0.40219.1
Project("{9A19103F-16F7-4668-BE54-9A1E7A4F7556}") = "EmployeeManagement", "EmployeeManagement\EmployeeManagement.csproj", "{4E493ACA-8CB4-42BD-B415-DCE1650495B2}"
EndProject
Global
	GlobalSection(SolutionConfigurationPlatforms) = preSolution
		Debug|Any CPU = Debug|Any CPU
		Release|Any CPU = Release|Any CPU
	EndGlobalSection
	GlobalSection(ProjectConfigurationPlatforms) = postSolution
		{4E493ACA-8CB4-42BD-B415-DCE1650495B2}.Debug|Any CPU.ActiveCfg = Debug|Any CPU
		{4E493ACA-8CB4-42BD-B415-DCE1650495B2}.Debug|Any CPU.Build.0 = Debug|Any CPU
		{4E493ACA-8CB4-42BD-B415-DCE1650495B2}.Release|Any CPU.ActiveCfg = Release|Any CPU
		{4E493ACA-8CB4-42BD-B415-DCE1650495B2}.Release|Any CPU.Build.0 = Release|Any CPU
	EndGlobalSection
	GlobalSection(SolutionProperties) = preSolution
		HideSolutionNode = FALSE
	EndGlobalSection
	GlobalSection(ExtensibilityGlobals) = postSolution
		SolutionGuid = {AE4742BD-2DBA-4398-8196-D6D6A7304E63}
	EndGlobalSection
EndGlobal
