
Microsoft Visual Studio Solution File, Format Version 12.00
# Visual Studio Version 17
VisualStudioVersion = 17.11.35222.181
MinimumVisualStudioVersion = 10.0.40219.1
Project("{FAE04EC0-301F-11D3-BF4B-00C04F79EFBC}") = "StudentInstructorManagement", "StudentInstructorManagement\StudentInstructorManagement.csproj", "{BF004B02-B642-4DA4-81C5-87266A77E86B}"
EndProject
Project("{9A19103F-16F7-4668-BE54-9A1E7A4F7556}") = "EmployeeAdminPortal", "..\..\..\.NET\EmployeeAdminPortal\EmployeeAdminPortal\EmployeeAdminPortal.csproj", "{C69D68A0-1657-4139-A143-ACE677D79872}"
EndProject
Global
	GlobalSection(SolutionConfigurationPlatforms) = preSolution
		Debug|Any CPU = Debug|Any CPU
		Release|Any CPU = Release|Any CPU
	EndGlobalSection
	GlobalSection(ProjectConfigurationPlatforms) = postSolution
		{BF004B02-B642-4DA4-81C5-87266A77E86B}.Debug|Any CPU.ActiveCfg = Debug|Any CPU
		{BF004B02-B642-4DA4-81C5-87266A77E86B}.Debug|Any CPU.Build.0 = Debug|Any CPU
		{BF004B02-B642-4DA4-81C5-87266A77E86B}.Release|Any CPU.ActiveCfg = Release|Any CPU
		{BF004B02-B642-4DA4-81C5-87266A77E86B}.Release|Any CPU.Build.0 = Release|Any CPU
		{C69D68A0-1657-4139-A143-ACE677D79872}.Debug|Any CPU.ActiveCfg = Debug|Any CPU
		{C69D68A0-1657-4139-A143-ACE677D79872}.Debug|Any CPU.Build.0 = Debug|Any CPU
		{C69D68A0-1657-4139-A143-ACE677D79872}.Release|Any CPU.ActiveCfg = Release|Any CPU
		{C69D68A0-1657-4139-A143-ACE677D79872}.Release|Any CPU.Build.0 = Release|Any CPU
	EndGlobalSection
	GlobalSection(SolutionProperties) = preSolution
		HideSolutionNode = FALSE
	EndGlobalSection
	GlobalSection(ExtensibilityGlobals) = postSolution
		SolutionGuid = {853AE7BF-1244-4CC8-9897-1A98BEC350B0}
	EndGlobalSection
EndGlobal
