
Microsoft Visual Studio Solution File, Format Version 12.00
# Visual Studio Version 17
VisualStudioVersion = 17.11.35222.181
MinimumVisualStudioVersion = 10.0.40219.1
Project("{FAE04EC0-301F-11D3-BF4B-00C04F79EFBC}") = "MyFirstApp", "MyFirstApp\MyFirstApp.csproj", "{D10692F7-3E95-4C41-9C3E-93F5E417D408}"
EndProject
Global
	GlobalSection(SolutionConfigurationPlatforms) = preSolution
		Debug|Any CPU = Debug|Any CPU
		Release|Any CPU = Release|Any CPU
	EndGlobalSection
	GlobalSection(ProjectConfigurationPlatforms) = postSolution
		{D10692F7-3E95-4C41-9C3E-93F5E417D408}.Debug|Any CPU.ActiveCfg = Debug|Any CPU
		{D10692F7-3E95-4C41-9C3E-93F5E417D408}.Debug|Any CPU.Build.0 = Debug|Any CPU
		{D10692F7-3E95-4C41-9C3E-93F5E417D408}.Release|Any CPU.ActiveCfg = Release|Any CPU
		{D10692F7-3E95-4C41-9C3E-93F5E417D408}.Release|Any CPU.Build.0 = Release|Any CPU
	EndGlobalSection
	GlobalSection(SolutionProperties) = preSolution
		HideSolutionNode = FALSE
	EndGlobalSection
	GlobalSection(ExtensibilityGlobals) = postSolution
		SolutionGuid = {B33AECEF-0423-48A8-A673-E355A19A8013}
	EndGlobalSection
EndGlobal
