
Microsoft Visual Studio Solution File, Format Version 12.00
# Visual Studio Version 17
VisualStudioVersion = 17.11.35222.181
MinimumVisualStudioVersion = 10.0.40219.1
Project("{FAE04EC0-301F-11D3-BF4B-00C04F79EFBC}") = "DiceRollGame", "DiceRollGame\DiceRollGame.csproj", "{5D265469-4BB6-4995-BBE5-93F27A5C98A7}"
EndProject
Global
	GlobalSection(SolutionConfigurationPlatforms) = preSolution
		Debug|Any CPU = Debug|Any CPU
		Release|Any CPU = Release|Any CPU
	EndGlobalSection
	GlobalSection(ProjectConfigurationPlatforms) = postSolution
		{5D265469-4BB6-4995-BBE5-93F27A5C98A7}.Debug|Any CPU.ActiveCfg = Debug|Any CPU
		{5D265469-4BB6-4995-BBE5-93F27A5C98A7}.Debug|Any CPU.Build.0 = Debug|Any CPU
		{5D265469-4BB6-4995-BBE5-93F27A5C98A7}.Release|Any CPU.ActiveCfg = Release|Any CPU
		{5D265469-4BB6-4995-BBE5-93F27A5C98A7}.Release|Any CPU.Build.0 = Release|Any CPU
	EndGlobalSection
	GlobalSection(SolutionProperties) = preSolution
		HideSolutionNode = FALSE
	EndGlobalSection
	GlobalSection(ExtensibilityGlobals) = postSolution
		SolutionGuid = {6B653348-71B8-48A8-9D25-844F35A18E9C}
	EndGlobalSection
EndGlobal
