
Microsoft Visual Studio Solution File, Format Version 12.00
# Visual Studio Version 17
VisualStudioVersion = 17.11.35222.181
MinimumVisualStudioVersion = 10.0.40219.1
Project("{9A19103F-16F7-4668-BE54-9A1E7A4F7556}") = "DayOfWeeks", "DayOfWeeks.csproj", "{4EC2A90B-86F3-45FB-A38C-DB2B28A172A1}"
EndProject
Global
	GlobalSection(SolutionConfigurationPlatforms) = preSolution
		Debug|Any CPU = Debug|Any CPU
		Release|Any CPU = Release|Any CPU
	EndGlobalSection
	GlobalSection(ProjectConfigurationPlatforms) = postSolution
		{4EC2A90B-86F3-45FB-A38C-DB2B28A172A1}.Debug|Any CPU.ActiveCfg = Debug|Any CPU
		{4EC2A90B-86F3-45FB-A38C-DB2B28A172A1}.Debug|Any CPU.Build.0 = Debug|Any CPU
		{4EC2A90B-86F3-45FB-A38C-DB2B28A172A1}.Release|Any CPU.ActiveCfg = Release|Any CPU
		{4EC2A90B-86F3-45FB-A38C-DB2B28A172A1}.Release|Any CPU.Build.0 = Release|Any CPU
	EndGlobalSection
	GlobalSection(SolutionProperties) = preSolution
		HideSolutionNode = FALSE
	EndGlobalSection
	GlobalSection(ExtensibilityGlobals) = postSolution
		SolutionGuid = {F869F8CD-4CC2-4F2D-B35A-F597EB489665}
	EndGlobalSection
EndGlobal
