
Microsoft Visual Studio Solution File, Format Version 12.00
# Visual Studio Version 17
VisualStudioVersion = 17.11.35222.181
MinimumVisualStudioVersion = 10.0.40219.1
Project("{9A19103F-16F7-4668-BE54-9A1E7A4F7556}") = "EComApplication", "EComApplication\EComApplication.csproj", "{25CDD59E-FF98-483E-9908-B61587FF6195}"
EndProject
Project("{9A19103F-16F7-4668-BE54-9A1E7A4F7556}") = "domain", "domain\domain.csproj", "{2303D383-CB0A-4D5C-8C4D-E2DFF7F9FFBF}"
EndProject
Project("{9A19103F-16F7-4668-BE54-9A1E7A4F7556}") = "core", "core\core.csproj", "{96E8CFDE-FAD4-4A8D-AE7A-959F99BD6E1E}"
EndProject
Project("{9A19103F-16F7-4668-BE54-9A1E7A4F7556}") = "infrastructure", "infrastructure\infrastructure.csproj", "{85391FA1-2CE3-4B2A-A15F-9AA46B5B3B69}"
EndProject
Global
	GlobalSection(SolutionConfigurationPlatforms) = preSolution
		Debug|Any CPU = Debug|Any CPU
		Release|Any CPU = Release|Any CPU
	EndGlobalSection
	GlobalSection(ProjectConfigurationPlatforms) = postSolution
		{25CDD59E-FF98-483E-9908-B61587FF6195}.Debug|Any CPU.ActiveCfg = Debug|Any CPU
		{25CDD59E-FF98-483E-9908-B61587FF6195}.Debug|Any CPU.Build.0 = Debug|Any CPU
		{25CDD59E-FF98-483E-9908-B61587FF6195}.Release|Any CPU.ActiveCfg = Release|Any CPU
		{25CDD59E-FF98-483E-9908-B61587FF6195}.Release|Any CPU.Build.0 = Release|Any CPU
		{2303D383-CB0A-4D5C-8C4D-E2DFF7F9FFBF}.Debug|Any CPU.ActiveCfg = Debug|Any CPU
		{2303D383-CB0A-4D5C-8C4D-E2DFF7F9FFBF}.Debug|Any CPU.Build.0 = Debug|Any CPU
		{2303D383-CB0A-4D5C-8C4D-E2DFF7F9FFBF}.Release|Any CPU.ActiveCfg = Release|Any CPU
		{2303D383-CB0A-4D5C-8C4D-E2DFF7F9FFBF}.Release|Any CPU.Build.0 = Release|Any CPU
		{96E8CFDE-FAD4-4A8D-AE7A-959F99BD6E1E}.Debug|Any CPU.ActiveCfg = Debug|Any CPU
		{96E8CFDE-FAD4-4A8D-AE7A-959F99BD6E1E}.Debug|Any CPU.Build.0 = Debug|Any CPU
		{96E8CFDE-FAD4-4A8D-AE7A-959F99BD6E1E}.Release|Any CPU.ActiveCfg = Release|Any CPU
		{96E8CFDE-FAD4-4A8D-AE7A-959F99BD6E1E}.Release|Any CPU.Build.0 = Release|Any CPU
		{85391FA1-2CE3-4B2A-A15F-9AA46B5B3B69}.Debug|Any CPU.ActiveCfg = Debug|Any CPU
		{85391FA1-2CE3-4B2A-A15F-9AA46B5B3B69}.Debug|Any CPU.Build.0 = Debug|Any CPU
		{85391FA1-2CE3-4B2A-A15F-9AA46B5B3B69}.Release|Any CPU.ActiveCfg = Release|Any CPU
		{85391FA1-2CE3-4B2A-A15F-9AA46B5B3B69}.Release|Any CPU.Build.0 = Release|Any CPU
	EndGlobalSection
	GlobalSection(SolutionProperties) = preSolution
		HideSolutionNode = FALSE
	EndGlobalSection
	GlobalSection(ExtensibilityGlobals) = postSolution
		SolutionGuid = {7F540D1B-5200-4E22-88C9-C7B0C2971DE9}
	EndGlobalSection
EndGlobal
