
Microsoft Visual Studio Solution File, Format Version 12.00
# Visual Studio Version 17
VisualStudioVersion = 17.11.35222.181
MinimumVisualStudioVersion = 10.0.40219.1
Project("{FAE04EC0-301F-11D3-BF4B-00C04F79EFBC}") = "EmployeeAdminPortal", "EmployeeAdminPortal\EmployeeAdminPortal.csproj", "{8F978F3F-7E55-474A-AD8E-0791C8F11888}"
EndProject
Global
	GlobalSection(SolutionConfigurationPlatforms) = preSolution
		Debug|Any CPU = Debug|Any CPU
		Release|Any CPU = Release|Any CPU
	EndGlobalSection
	GlobalSection(ProjectConfigurationPlatforms) = postSolution
		{8F978F3F-7E55-474A-AD8E-0791C8F11888}.Debug|Any CPU.ActiveCfg = Debug|Any CPU
		{8F978F3F-7E55-474A-AD8E-0791C8F11888}.Debug|Any CPU.Build.0 = Debug|Any CPU
		{8F978F3F-7E55-474A-AD8E-0791C8F11888}.Release|Any CPU.ActiveCfg = Release|Any CPU
		{8F978F3F-7E55-474A-AD8E-0791C8F11888}.Release|Any CPU.Build.0 = Release|Any CPU
	EndGlobalSection
	GlobalSection(SolutionProperties) = preSolution
		HideSolutionNode = FALSE
	EndGlobalSection
	GlobalSection(ExtensibilityGlobals) = postSolution
		SolutionGuid = {B7C5D1B5-8A7A-498E-81D5-19365AFF3BB1}
	EndGlobalSection
EndGlobal
