
Microsoft Visual Studio Solution File, Format Version 12.00
# Visual Studio Version 17
VisualStudioVersion = 17.12.35209.166
MinimumVisualStudioVersion = 10.0.40219.1
Project("{FAE04EC0-301F-11D3-BF4B-00C04F79EFBC}") = "StockAppApiFetchExample", "StockAppApiFetchExample\StockAppApiFetchExample.csproj", "{A211DB92-3451-4CBC-81E2-2B6F6D66696C}"
EndProject
Global
	GlobalSection(SolutionConfigurationPlatforms) = preSolution
		Debug|Any CPU = Debug|Any CPU
		Release|Any CPU = Release|Any CPU
	EndGlobalSection
	GlobalSection(ProjectConfigurationPlatforms) = postSolution
		{A211DB92-3451-4CBC-81E2-2B6F6D66696C}.Debug|Any CPU.ActiveCfg = Debug|Any CPU
		{A211DB92-3451-4CBC-81E2-2B6F6D66696C}.Debug|Any CPU.Build.0 = Debug|Any CPU
		{A211DB92-3451-4CBC-81E2-2B6F6D66696C}.Release|Any CPU.ActiveCfg = Release|Any CPU
		{A211DB92-3451-4CBC-81E2-2B6F6D66696C}.Release|Any CPU.Build.0 = Release|Any CPU
	EndGlobalSection
	GlobalSection(SolutionProperties) = preSolution
		HideSolutionNode = FALSE
	EndGlobalSection
	GlobalSection(ExtensibilityGlobals) = postSolution
		SolutionGuid = {DAF19BAE-1F17-46B4-A5AF-3AA184AE73DB}
	EndGlobalSection
EndGlobal
